<?xml version="1.0" encoding="utf-8"?>
<Project ToolsVersion="4.0" xmlns="http://schemas.microsoft.com/developer/msbuild/2003">
  <ItemGroup>
    <Filter Include="Source Files">
      <UniqueIdentifier>{343db06e-1c6f-4cb6-969a-2160f43ced96}</UniqueIdentifier>
      <Extensions>cpp;c;cxx;rc;def;r;odl;idl;hpj;bat</Extensions>
    </Filter>
    <Filter Include="Header Files">
      <UniqueIdentifier>{627bbbca-2a2c-4e58-8f10-07b6fc648921}</UniqueIdentifier>
      <Extensions>h;hpp;hxx;hm;inl</Extensions>
    </Filter>
    <Filter Include="Header Files\Resource Files">
      <UniqueIdentifier>{1bae6419-b6c8-4836-96b9-356fcb098b59}</UniqueIdentifier>
      <Extensions>ico;cur;bmp;dlg;rc2;rct;bin;cnt;rtf;gif;jpg;jpeg;jpe</Extensions>
    </Filter>
  </ItemGroup>
  <ItemGroup>
    <ClCompile Include="Abort_multiple_trials.cpp">
      <Filter>Source Files</Filter>
    </ClCompile>
    <ClCompile Include="Abort_multiple_trials_dialog.cpp">
      <Filter>Source Files</Filter>
    </ClCompile>
    <ClCompile Include="Analysis_display.cpp">
      <Filter>Source Files</Filter>
    </ClCompile>
    <ClCompile Include="Batch_analysis.cpp">
      <Filter>Source Files</Filter>
    </ClCompile>
    <ClCompile Include="Cal_display.cpp">
      <Filter>Source Files</Filter>
    </ClCompile>
    <ClCompile Include="Calibration.cpp">
      <Filter>Source Files</Filter>
    </ClCompile>
    <ClCompile Include="Channel_control.cpp">
      <Filter>Source Files</Filter>
    </ClCompile>
    <ClCompile Include="Channel_tab.cpp">
      <Filter>Source Files</Filter>
    </ClCompile>
    <ClCompile Include="Chirp.cpp">
      <Filter>Source Files</Filter>
    </ClCompile>
    <ClCompile Include="Cyclical.cpp">
      <Filter>Source Files</Filter>
    </ClCompile>
    <ClCompile Include="Data_record.cpp">
      <Filter>Source Files</Filter>
    </ClCompile>
    <ClCompile Include="Experiment_display.cpp">
      <Filter>Source Files</Filter>
    </ClCompile>
    <ClCompile Include="File_header.cpp">
      <Filter>Source Files</Filter>
    </ClCompile>
    <ClCompile Include="Fit_control.cpp">
      <Filter>Source Files</Filter>
    </ClCompile>
    <ClCompile Include="Fit_parameters.cpp">
      <Filter>Source Files</Filter>
    </ClCompile>
    <ClCompile Include="global_functions.cpp">
      <Filter>Source Files</Filter>
    </ClCompile>
    <ClCompile Include="LC_dout_page.cpp">
      <Filter>Source Files</Filter>
    </ClCompile>
    <ClCompile Include="LC_dout_tab.cpp">
      <Filter>Source Files</Filter>
    </ClCompile>
    <ClCompile Include="LC_dout_tab_control.cpp">
      <Filter>Source Files</Filter>
    </ClCompile>
    <ClCompile Include="LC_freeform_page.cpp">
      <Filter>Source Files</Filter>
    </ClCompile>
    <ClCompile Include="LC_generic_page.cpp">
      <Filter>Source Files</Filter>
    </ClCompile>
    <ClCompile Include="LC_ktr_step_page.cpp">
      <Filter>Source Files</Filter>
    </ClCompile>
    <ClCompile Include="LC_ramp_page.cpp">
      <Filter>Source Files</Filter>
    </ClCompile>
    <ClCompile Include="LC_summary_page.cpp">
      <Filter>Source Files</Filter>
    </ClCompile>
    <ClCompile Include="LC_triggered_page.cpp">
      <Filter>Source Files</Filter>
    </ClCompile>
    <ClCompile Include="Length_Control_Dialog.cpp">
      <Filter>Source Files</Filter>
    </ClCompile>
    <ClCompile Include="Length_control_sheet.cpp">
      <Filter>Source Files</Filter>
    </ClCompile>
    <ClCompile Include="NR.cpp">
      <Filter>Source Files</Filter>
    </ClCompile>
    <ClCompile Include="PathDialog.cpp">
      <Filter>Source Files</Filter>
    </ClCompile>
    <ClCompile Include="Plot.cpp">
      <Filter>Source Files</Filter>
    </ClCompile>
    <ClCompile Include="Scan_channels.cpp">
      <Filter>Source Files</Filter>
    </ClCompile>
    <ClCompile Include="SL_SREC.cpp">
      <Filter>Source Files</Filter>
    </ClCompile>
    <ClCompile Include="SLControl.cpp">
      <Filter>Source Files</Filter>
    </ClCompile>
    <ClCompile Include="SLControlDlg.cpp">
      <Filter>Source Files</Filter>
    </ClCompile>
    <ClCompile Include="Square_wave.cpp">
      <Filter>Source Files</Filter>
    </ClCompile>
    <ClCompile Include="StdAfx.cpp">
      <Filter>Source Files</Filter>
    </ClCompile>
    <ClCompile Include="Superposition.cpp">
      <Filter>Source Files</Filter>
    </ClCompile>
    <ClCompile Include="Superposition_control.cpp">
      <Filter>Source Files</Filter>
    </ClCompile>
    <ClCompile Include="Tension_control_dialog.cpp">
      <Filter>Source Files</Filter>
    </ClCompile>
    <ClCompile Include="Triggers.cpp">
      <Filter>Source Files</Filter>
    </ClCompile>
    <ClCompile Include="Update_check.cpp">
      <Filter>Source Files</Filter>
    </ClCompile>
    <ClCompile Include="WebVersion.cpp">
      <Filter>Source Files</Filter>
    </ClCompile>
  </ItemGroup>
  <ItemGroup>
    <ResourceCompile Include="SLControl.rc">
      <Filter>Source Files</Filter>
    </ResourceCompile>
  </ItemGroup>
  <ItemGroup>
    <ClInclude Include="Abort_multiple_trials.h">
      <Filter>Header Files</Filter>
    </ClInclude>
    <ClInclude Include="Abort_multiple_trials_dialog.h">
      <Filter>Header Files</Filter>
    </ClInclude>
    <ClInclude Include="Analysis_display.h">
      <Filter>Header Files</Filter>
    </ClInclude>
    <ClInclude Include="Batch_analysis.h">
      <Filter>Header Files</Filter>
    </ClInclude>
    <ClInclude Include="Cal_display.h">
      <Filter>Header Files</Filter>
    </ClInclude>
    <ClInclude Include="Calibration.h">
      <Filter>Header Files</Filter>
    </ClInclude>
    <ClInclude Include="Channel_control.h">
      <Filter>Header Files</Filter>
    </ClInclude>
    <ClInclude Include="Channel_tab.h">
      <Filter>Header Files</Filter>
    </ClInclude>
    <ClInclude Include="Chirp.h">
      <Filter>Header Files</Filter>
    </ClInclude>
    <ClInclude Include="Cyclical.h">
      <Filter>Header Files</Filter>
    </ClInclude>
    <ClInclude Include="data_record.h">
      <Filter>Header Files</Filter>
    </ClInclude>
    <ClInclude Include="Experiment_display.h">
      <Filter>Header Files</Filter>
    </ClInclude>
    <ClInclude Include="File_header.h">
      <Filter>Header Files</Filter>
    </ClInclude>
    <ClInclude Include="Fit_control.h">
      <Filter>Header Files</Filter>
    </ClInclude>
    <ClInclude Include="Fit_parameters.h">
      <Filter>Header Files</Filter>
    </ClInclude>
    <ClInclude Include="global_definitions.h">
      <Filter>Header Files</Filter>
    </ClInclude>
    <ClInclude Include="global_functions.h">
      <Filter>Header Files</Filter>
    </ClInclude>
    <ClInclude Include="InetHandle.h">
      <Filter>Header Files</Filter>
    </ClInclude>
    <ClInclude Include="LC_dout_page.h">
      <Filter>Header Files</Filter>
    </ClInclude>
    <ClInclude Include="LC_dout_tab.h">
      <Filter>Header Files</Filter>
    </ClInclude>
    <ClInclude Include="LC_dout_tab_control.h">
      <Filter>Header Files</Filter>
    </ClInclude>
    <ClInclude Include="LC_freeform_page.h">
      <Filter>Header Files</Filter>
    </ClInclude>
    <ClInclude Include="LC_generic_page.h">
      <Filter>Header Files</Filter>
    </ClInclude>
    <ClInclude Include="LC_ktr_step_page.h">
      <Filter>Header Files</Filter>
    </ClInclude>
    <ClInclude Include="LC_ramp_page.h">
      <Filter>Header Files</Filter>
    </ClInclude>
    <ClInclude Include="LC_summary_page.h">
      <Filter>Header Files</Filter>
    </ClInclude>
    <ClInclude Include="LC_triggered_page.h">
      <Filter>Header Files</Filter>
    </ClInclude>
    <ClInclude Include="Length_Control_Dialog.h">
      <Filter>Header Files</Filter>
    </ClInclude>
    <ClInclude Include="Length_control_sheet.h">
      <Filter>Header Files</Filter>
    </ClInclude>
    <ClInclude Include="NR.h">
      <Filter>Header Files</Filter>
    </ClInclude>
    <ClInclude Include="PathDialog.h">
      <Filter>Header Files</Filter>
    </ClInclude>
    <ClInclude Include="Plot.h">
      <Filter>Header Files</Filter>
    </ClInclude>
    <ClInclude Include="Resource.h">
      <Filter>Header Files</Filter>
    </ClInclude>
    <ClInclude Include="Scan_channels.h">
      <Filter>Header Files</Filter>
    </ClInclude>
    <ClInclude Include="SL_SREC.h">
      <Filter>Header Files</Filter>
    </ClInclude>
    <ClInclude Include="SLControl.h">
      <Filter>Header Files</Filter>
    </ClInclude>
    <ClInclude Include="SLControlDlg.h">
      <Filter>Header Files</Filter>
    </ClInclude>
    <ClInclude Include="Square_wave.h">
      <Filter>Header Files</Filter>
    </ClInclude>
    <ClInclude Include="StdAfx.h">
      <Filter>Header Files</Filter>
    </ClInclude>
    <ClInclude Include="Superposition.h">
      <Filter>Header Files</Filter>
    </ClInclude>
    <ClInclude Include="Superposition_control.h">
      <Filter>Header Files</Filter>
    </ClInclude>
    <ClInclude Include="Tension_control_dialog.h">
      <Filter>Header Files</Filter>
    </ClInclude>
    <ClInclude Include="Triggers.h">
      <Filter>Header Files</Filter>
    </ClInclude>
    <ClInclude Include="Update_check.h">
      <Filter>Header Files</Filter>
    </ClInclude>
    <ClInclude Include="WebVersion.h">
      <Filter>Header Files</Filter>
    </ClInclude>
  </ItemGroup>
  <ItemGroup>
    <None Include="resource.hm">
      <Filter>Header Files</Filter>
    </None>
    <None Include="res\SLP.ico">
      <Filter>Header Files</Filter>
    </None>
    <None Include="res\cursor1.cur">
      <Filter>Header Files\Resource Files</Filter>
    </None>
    <None Include="res\methods_256colors.bmp">
      <Filter>Header Files\Resource Files</Filter>
    </None>
    <None Include="res\SLControl.ico">
      <Filter>Header Files\Resource Files</Filter>
    </None>
    <None Include="res\SLControl.rc2">
      <Filter>Header Files\Resource Files</Filter>
    </None>
    <None Include="ReadMe.txt" />
  </ItemGroup>
</Project>